// !$*UTF8*$!
{
	archiveVersion = 1;
	classes = {
	};
	objectVersion = 77;
	objects = {

/* Begin PBXBuildFile section */
		06E4BF2ECD6834494C10B008 /* ExportWizardSheet.swift in Sources */ = {isa = PBXBuildFile; fileRef = 733B68E243F591537F2499E4 /* ExportWizardSheet.swift */; };
		075343EAD0C3CC212096AAF1 /* CopyButton.swift in Sources */ = {isa = PBXBuildFile; fileRef = 38615C080E045A0BA09825C7 /* CopyButton.swift */; };
		0DA78B5FFDE0AE22B61C9231 /* NoteEditorView.swift in Sources */ = {isa = PBXBuildFile; fileRef = A52E47334DFCBDFF5D7FDDA7 /* NoteEditorView.swift */; };
		137A823114348AD2AE3AF87D /* KeychainService.swift in Sources */ = {isa = PBXBuildFile; fileRef = 67042E821D4BE20D5B2B2B86 /* KeychainService.swift */; };
		1F2C9A51476B393A1371D8C9 /* DataStore.swift in Sources */ = {isa = PBXBuildFile; fileRef = 66294288F91117C078AC651E /* DataStore.swift */; };
		2F8F4E2088D191AC092F4378 /* OnePUXImporter.swift in Sources */ = {isa = PBXBuildFile; fileRef = B51145A85C35D815EEA083C8 /* OnePUXImporter.swift */; };
		385A953B7937C2BA08222C6A /* AuthPolicy.swift in Sources */ = {isa = PBXBuildFile; fileRef = 8434C2609890FBA7F349A6F8 /* AuthPolicy.swift */; };
		3CCE77C6C258CAEF17DFBB34 /* Assets.xcassets in Resources */ = {isa = PBXBuildFile; fileRef = E725D4B8CF3B9F5046B54AC6 /* Assets.xcassets */; };
		3F1D43508133611FC47F759C /* QRCodeDetector.swift in Sources */ = {isa = PBXBuildFile; fileRef = B846B9EDCD28231B4A07F711 /* QRCodeDetector.swift */; };
		45D1A20855B7ECB120549970 /* AppDelegate.swift in Sources */ = {isa = PBXBuildFile; fileRef = E124923AAE775D7998C228E0 /* AppDelegate.swift */; };
		574EDF779AC0FCF6533DA894 /* ClipboardManager.swift in Sources */ = {isa = PBXBuildFile; fileRef = 9F596C65B923B396579BFC8A /* ClipboardManager.swift */; };
		5B114E8F9FA6C1563B89B959 /* ItemCategory.swift in Sources */ = {isa = PBXBuildFile; fileRef = 07E3E8B4A645B9E20FA3691B /* ItemCategory.swift */; };
		66257EC1D900D1DE7B751B4A /* EditingState.swift in Sources */ = {isa = PBXBuildFile; fileRef = 23447C775659B86B06F6F3CA /* EditingState.swift */; };
		69B1A83AF1D052E3AA07388C /* QRScannerView.swift in Sources */ = {isa = PBXBuildFile; fileRef = 768BE1B4C7924E76F21F1580 /* QRScannerView.swift */; };
		865A6F614123D1EAC382B6DE /* AccountListViewModel.swift in Sources */ = {isa = PBXBuildFile; fileRef = 842B9020A1D36AA115739212 /* AccountListViewModel.swift */; };
		8DF807F5AF0BF1F1E1D0762E /* NoteListViewModel.swift in Sources */ = {isa = PBXBuildFile; fileRef = 7261EEA17BEE7A7520C9DFC4 /* NoteListViewModel.swift */; };
		9F077A58889554046437E351 /* AccountListView.swift in Sources */ = {isa = PBXBuildFile; fileRef = 5E6CB2661E229A4FC48384C4 /* AccountListView.swift */; };
		A524DE6D6365C8FFBA409077 /* NoteItem.swift in Sources */ = {isa = PBXBuildFile; fileRef = FC2082239993EDD1FE61F7AD /* NoteItem.swift */; };
		AD4AB6D10D51BB30879D90CE /* ImportExportService.swift in Sources */ = {isa = PBXBuildFile; fileRef = AB24266E4A86E3CEF527F873 /* ImportExportService.swift */; };
		B26D2FF972E30C8D494A57D9 /* OneOfPasswordApp.swift in Sources */ = {isa = PBXBuildFile; fileRef = 9D7727AABA2FB86DC9213AC6 /* OneOfPasswordApp.swift */; };
		B35177D494F6F23116B5DC57 /* ItemDetailView.swift in Sources */ = {isa = PBXBuildFile; fileRef = F5C80DA4A9B73E5ECBA486B8 /* ItemDetailView.swift */; };
		B4788D03FFD768C146CE1F32 /* Extensions.swift in Sources */ = {isa = PBXBuildFile; fileRef = F4EA728F848D9B1182FDEF44 /* Extensions.swift */; };
		BBF38DC4A6171AB026986EAE /* SettingsView.swift in Sources */ = {isa = PBXBuildFile; fileRef = A399421E1B680DA362242BB3 /* SettingsView.swift */; };
		C33DE6BDF8A2C6872A1063F7 /* VaultPreviewViews.swift in Sources */ = {isa = PBXBuildFile; fileRef = 5D59BDA04AFCA786840307C8 /* VaultPreviewViews.swift */; };
		D04A529326991CB7A3CE77B2 /* PasswordItem.swift in Sources */ = {isa = PBXBuildFile; fileRef = 175266EEA35799F72532C4C0 /* PasswordItem.swift */; };
		DD23DD7877D83988541AE8DF /* ContentView.swift in Sources */ = {isa = PBXBuildFile; fileRef = 60C9348870360445D81F9E3D /* ContentView.swift */; };
		DD9ADAC4369B9C627BF0C93C /* PasswordListViewModel.swift in Sources */ = {isa = PBXBuildFile; fileRef = DB49CE912E26F0A2B975ACDC /* PasswordListViewModel.swift */; };
		EFBB6A7534AE5628B711A80B /* EncryptedStore.swift in Sources */ = {isa = PBXBuildFile; fileRef = 3FB2D9029679A2778BFBFC49 /* EncryptedStore.swift */; };
		FD79BA7F4FFBEC00DF423B4E /* NoteListView.swift in Sources */ = {isa = PBXBuildFile; fileRef = 8ED77E5926191ED9D14C10D9 /* NoteListView.swift */; };
		FE5E3BF998AE4AD83CF7B396 /* TOTPGenerator.swift in Sources */ = {isa = PBXBuildFile; fileRef = 6E48AE343AE0298673717DCA /* TOTPGenerator.swift */; };
/* End PBXBuildFile section */

/* Begin PBXFileReference section */
		07E3E8B4A645B9E20FA3691B /* ItemCategory.swift */ = {isa = PBXFileReference; lastKnownFileType = sourcecode.swift; path = ItemCategory.swift; sourceTree = "<group>"; };
		175266EEA35799F72532C4C0 /* PasswordItem.swift */ = {isa = PBXFileReference; lastKnownFileType = sourcecode.swift; path = PasswordItem.swift; sourceTree = "<group>"; };
		23447C775659B86B06F6F3CA /* EditingState.swift */ = {isa = PBXFileReference; lastKnownFileType = sourcecode.swift; path = EditingState.swift; sourceTree = "<group>"; };
		38615C080E045A0BA09825C7 /* CopyButton.swift */ = {isa = PBXFileReference; lastKnownFileType = sourcecode.swift; path = CopyButton.swift; sourceTree = "<group>"; };
		3FB2D9029679A2778BFBFC49 /* EncryptedStore.swift */ = {isa = PBXFileReference; lastKnownFileType = sourcecode.swift; path = EncryptedStore.swift; sourceTree = "<group>"; };
		4FD84ECBA0B7E0DF01E785F7 /* OneOfPassword.entitlements */ = {isa = PBXFileReference; lastKnownFileType = text.plist.entitlements; path = OneOfPassword.entitlements; sourceTree = "<group>"; };
		581BDC57D23E55F263EBCA5F /* OneOfPassword.app */ = {isa = PBXFileReference; explicitFileType = wrapper.application; includeInIndex = 0; path = OneOfPassword.app; sourceTree = BUILT_PRODUCTS_DIR; };
		5D59BDA04AFCA786840307C8 /* VaultPreviewViews.swift */ = {isa = PBXFileReference; lastKnownFileType = sourcecode.swift; path = VaultPreviewViews.swift; sourceTree = "<group>"; };
		5E6CB2661E229A4FC48384C4 /* AccountListView.swift */ = {isa = PBXFileReference; lastKnownFileType = sourcecode.swift; path = AccountListView.swift; sourceTree = "<group>"; };
		60C9348870360445D81F9E3D /* ContentView.swift */ = {isa = PBXFileReference; lastKnownFileType = sourcecode.swift; path = ContentView.swift; sourceTree = "<group>"; };
		66294288F91117C078AC651E /* DataStore.swift */ = {isa = PBXFileReference; lastKnownFileType = sourcecode.swift; path = DataStore.swift; sourceTree = "<group>"; };
		67042E821D4BE20D5B2B2B86 /* KeychainService.swift */ = {isa = PBXFileReference; lastKnownFileType = sourcecode.swift; path = KeychainService.swift; sourceTree = "<group>"; };
		6E48AE343AE0298673717DCA /* TOTPGenerator.swift */ = {isa = PBXFileReference; lastKnownFileType = sourcecode.swift; path = TOTPGenerator.swift; sourceTree = "<group>"; };
		7261EEA17BEE7A7520C9DFC4 /* NoteListViewModel.swift */ = {isa = PBXFileReference; lastKnownFileType = sourcecode.swift; path = NoteListViewModel.swift; sourceTree = "<group>"; };
		733B68E243F591537F2499E4 /* ExportWizardSheet.swift */ = {isa = PBXFileReference; lastKnownFileType = sourcecode.swift; path = ExportWizardSheet.swift; sourceTree = "<group>"; };
		768BE1B4C7924E76F21F1580 /* QRScannerView.swift */ = {isa = PBXFileReference; lastKnownFileType = sourcecode.swift; path = QRScannerView.swift; sourceTree = "<group>"; };
		842B9020A1D36AA115739212 /* AccountListViewModel.swift */ = {isa = PBXFileReference; lastKnownFileType = sourcecode.swift; path = AccountListViewModel.swift; sourceTree = "<group>"; };
		8434C2609890FBA7F349A6F8 /* AuthPolicy.swift */ = {isa = PBXFileReference; lastKnownFileType = sourcecode.swift; path = AuthPolicy.swift; sourceTree = "<group>"; };
		8ED77E5926191ED9D14C10D9 /* NoteListView.swift */ = {isa = PBXFileReference; lastKnownFileType = sourcecode.swift; path = NoteListView.swift; sourceTree = "<group>"; };
		9D7727AABA2FB86DC9213AC6 /* OneOfPasswordApp.swift */ = {isa = PBXFileReference; lastKnownFileType = sourcecode.swift; path = OneOfPasswordApp.swift; sourceTree = "<group>"; };
		9F596C65B923B396579BFC8A /* ClipboardManager.swift */ = {isa = PBXFileReference; lastKnownFileType = sourcecode.swift; path = ClipboardManager.swift; sourceTree = "<group>"; };
		A399421E1B680DA362242BB3 /* SettingsView.swift */ = {isa = PBXFileReference; lastKnownFileType = sourcecode.swift; path = SettingsView.swift; sourceTree = "<group>"; };
		A52E47334DFCBDFF5D7FDDA7 /* NoteEditorView.swift */ = {isa = PBXFileReference; lastKnownFileType = sourcecode.swift; path = NoteEditorView.swift; sourceTree = "<group>"; };
		AB24266E4A86E3CEF527F873 /* ImportExportService.swift */ = {isa = PBXFileReference; lastKnownFileType = sourcecode.swift; path = ImportExportService.swift; sourceTree = "<group>"; };
		B51145A85C35D815EEA083C8 /* OnePUXImporter.swift */ = {isa = PBXFileReference; lastKnownFileType = sourcecode.swift; path = OnePUXImporter.swift; sourceTree = "<group>"; };
		B846B9EDCD28231B4A07F711 /* QRCodeDetector.swift */ = {isa = PBXFileReference; lastKnownFileType = sourcecode.swift; path = QRCodeDetector.swift; sourceTree = "<group>"; };
		DB49CE912E26F0A2B975ACDC /* PasswordListViewModel.swift */ = {isa = PBXFileReference; lastKnownFileType = sourcecode.swift; path = PasswordListViewModel.swift; sourceTree = "<group>"; };
		E124923AAE775D7998C228E0 /* AppDelegate.swift */ = {isa = PBXFileReference; lastKnownFileType = sourcecode.swift; path = AppDelegate.swift; sourceTree = "<group>"; };
		E725D4B8CF3B9F5046B54AC6 /* Assets.xcassets */ = {isa = PBXFileReference; lastKnownFileType = folder.assetcatalog; path = Assets.xcassets; sourceTree = "<group>"; };
		F4EA728F848D9B1182FDEF44 /* Extensions.swift */ = {isa = PBXFileReference; lastKnownFileType = sourcecode.swift; path = Extensions.swift; sourceTree = "<group>"; };
		F5C80DA4A9B73E5ECBA486B8 /* ItemDetailView.swift */ = {isa = PBXFileReference; lastKnownFileType = sourcecode.swift; path = ItemDetailView.swift; sourceTree = "<group>"; };
		F7BADAB0610B181BFED5F522 /* Info.plist */ = {isa = PBXFileReference; lastKnownFileType = text.plist; path = Info.plist; sourceTree = "<group>"; };
		FC2082239993EDD1FE61F7AD /* NoteItem.swift */ = {isa = PBXFileReference; lastKnownFileType = sourcecode.swift; path = NoteItem.swift; sourceTree = "<group>"; };
/* End PBXFileReference section */

/* Begin PBXGroup section */
		0649CE6590B4F3F6ECD7CCD9 /* ViewModels */ = {
			isa = PBXGroup;
			children = (
				842B9020A1D36AA115739212 /* AccountListViewModel.swift */,
				7261EEA17BEE7A7520C9DFC4 /* NoteListViewModel.swift */,
				DB49CE912E26F0A2B975ACDC /* PasswordListViewModel.swift */,
			);
			path = ViewModels;
			sourceTree = "<group>";
		};
		3E1AB1A5C6C54B4E7C27721B = {
			isa = PBXGroup;
			children = (
				6054FB2552A4DEDA7C07DDA3 /* OneOfPassword */,
				972B302EF7CA5D2BED4D02B6 /* Products */,
			);
			sourceTree = "<group>";
		};
		583856F065B2B7FC238B1B79 /* Models */ = {
			isa = PBXGroup;
			children = (
				07E3E8B4A645B9E20FA3691B /* ItemCategory.swift */,
				FC2082239993EDD1FE61F7AD /* NoteItem.swift */,
				175266EEA35799F72532C4C0 /* PasswordItem.swift */,
			);
			path = Models;
			sourceTree = "<group>";
		};
		6054FB2552A4DEDA7C07DDA3 /* OneOfPassword */ = {
			isa = PBXGroup;
			children = (
				E124923AAE775D7998C228E0 /* AppDelegate.swift */,
				E725D4B8CF3B9F5046B54AC6 /* Assets.xcassets */,
				F7BADAB0610B181BFED5F522 /* Info.plist */,
				4FD84ECBA0B7E0DF01E785F7 /* OneOfPassword.entitlements */,
				9D7727AABA2FB86DC9213AC6 /* OneOfPasswordApp.swift */,
				583856F065B2B7FC238B1B79 /* Models */,
				90BBB4DAFADC405EC516AB49 /* Services */,
				B431BCF3C8A207521C71A7BE /* Utils */,
				0649CE6590B4F3F6ECD7CCD9 /* ViewModels */,
				DD3BBAC1CA391AA8DB64B722 /* Views */,
			);
			path = OneOfPassword;
			sourceTree = "<group>";
		};
		90BBB4DAFADC405EC516AB49 /* Services */ = {
			isa = PBXGroup;
			children = (
				8434C2609890FBA7F349A6F8 /* AuthPolicy.swift */,
				66294288F91117C078AC651E /* DataStore.swift */,
				23447C775659B86B06F6F3CA /* EditingState.swift */,
				3FB2D9029679A2778BFBFC49 /* EncryptedStore.swift */,
				AB24266E4A86E3CEF527F873 /* ImportExportService.swift */,
				67042E821D4BE20D5B2B2B86 /* KeychainService.swift */,
				B51145A85C35D815EEA083C8 /* OnePUXImporter.swift */,
				B846B9EDCD28231B4A07F711 /* QRCodeDetector.swift */,
				6E48AE343AE0298673717DCA /* TOTPGenerator.swift */,
			);
			path = Services;
			sourceTree = "<group>";
		};
		972B302EF7CA5D2BED4D02B6 /* Products */ = {
			isa = PBXGroup;
			children = (
				581BDC57D23E55F263EBCA5F /* OneOfPassword.app */,
			);
			name = Products;
			sourceTree = "<group>";
		};
		B431BCF3C8A207521C71A7BE /* Utils */ = {
			isa = PBXGroup;
			children = (
				9F596C65B923B396579BFC8A /* ClipboardManager.swift */,
				F4EA728F848D9B1182FDEF44 /* Extensions.swift */,
			);
			path = Utils;
			sourceTree = "<group>";
		};
		DD3BBAC1CA391AA8DB64B722 /* Views */ = {
			isa = PBXGroup;
			children = (
				5E6CB2661E229A4FC48384C4 /* AccountListView.swift */,
				60C9348870360445D81F9E3D /* ContentView.swift */,
				733B68E243F591537F2499E4 /* ExportWizardSheet.swift */,
				F5C80DA4A9B73E5ECBA486B8 /* ItemDetailView.swift */,
				A52E47334DFCBDFF5D7FDDA7 /* NoteEditorView.swift */,
				8ED77E5926191ED9D14C10D9 /* NoteListView.swift */,
				768BE1B4C7924E76F21F1580 /* QRScannerView.swift */,
				A399421E1B680DA362242BB3 /* SettingsView.swift */,
				5D59BDA04AFCA786840307C8 /* VaultPreviewViews.swift */,
				F189B22AA14172403AF1DF2A /* Components */,
			);
			path = Views;
			sourceTree = "<group>";
		};
		F189B22AA14172403AF1DF2A /* Components */ = {
			isa = PBXGroup;
			children = (
				38615C080E045A0BA09825C7 /* CopyButton.swift */,
			);
			path = Components;
			sourceTree = "<group>";
		};
/* End PBXGroup section */

/* Begin PBXNativeTarget section */
		4A49A76AD062A540D984F3CD /* OneOfPassword */ = {
			isa = PBXNativeTarget;
			buildConfigurationList = A25B4DA5B4D96994EE10CF93 /* Build configuration list for PBXNativeTarget "OneOfPassword" */;
			buildPhases = (
				C74A45F737DCB2AC5E9FC89E /* Sources */,
				540699B0CB5F97CD181CB834 /* Resources */,
			);
			buildRules = (
			);
			dependencies = (
			);
			name = OneOfPassword;
			packageProductDependencies = (
			);
			productName = OneOfPassword;
			productReference = 581BDC57D23E55F263EBCA5F /* OneOfPassword.app */;
			productType = "com.apple.product-type.application";
		};
/* End PBXNativeTarget section */

/* Begin PBXProject section */
		E2321D1937DFADB426237657 /* Project object */ = {
			isa = PBXProject;
			attributes = {
				BuildIndependentTargetsInParallel = YES;
				LastUpgradeCheck = 1600;
				TargetAttributes = {
					4A49A76AD062A540D984F3CD = {
						DevelopmentTeam = "";
						ProvisioningStyle = Automatic;
					};
				};
			};
			buildConfigurationList = 7F789C2F17E45E472FD92004 /* Build configuration list for PBXProject "OneOfPassword" */;
			developmentRegion = en;
			hasScannedForEncodings = 0;
			knownRegions = (
				Base,
				en,
			);
			mainGroup = 3E1AB1A5C6C54B4E7C27721B;
			minimizedProjectReferenceProxies = 1;
			preferredProjectObjectVersion = 77;
			productRefGroup = 972B302EF7CA5D2BED4D02B6 /* Products */;
			projectDirPath = "";
			projectRoot = "";
			targets = (
				4A49A76AD062A540D984F3CD /* OneOfPassword */,
			);
		};
/* End PBXProject section */

/* Begin PBXResourcesBuildPhase section */
		540699B0CB5F97CD181CB834 /* Resources */ = {
			isa = PBXResourcesBuildPhase;
			buildActionMask = 2147483647;
			files = (
				3CCE77C6C258CAEF17DFBB34 /* Assets.xcassets in Resources */,
			);
			runOnlyForDeploymentPostprocessing = 0;
		};
/* End PBXResourcesBuildPhase section */

/* Begin PBXSourcesBuildPhase section */
		C74A45F737DCB2AC5E9FC89E /* Sources */ = {
			isa = PBXSourcesBuildPhase;
			buildActionMask = 2147483647;
			files = (
				9F077A58889554046437E351 /* AccountListView.swift in Sources */,
				865A6F614123D1EAC382B6DE /* AccountListViewModel.swift in Sources */,
				45D1A20855B7ECB120549970 /* AppDelegate.swift in Sources */,
				385A953B7937C2BA08222C6A /* AuthPolicy.swift in Sources */,
				574EDF779AC0FCF6533DA894 /* ClipboardManager.swift in Sources */,
				DD23DD7877D83988541AE8DF /* ContentView.swift in Sources */,
				075343EAD0C3CC212096AAF1 /* CopyButton.swift in Sources */,
				1F2C9A51476B393A1371D8C9 /* DataStore.swift in Sources */,
				66257EC1D900D1DE7B751B4A /* EditingState.swift in Sources */,
				EFBB6A7534AE5628B711A80B /* EncryptedStore.swift in Sources */,
				06E4BF2ECD6834494C10B008 /* ExportWizardSheet.swift in Sources */,
				B4788D03FFD768C146CE1F32 /* Extensions.swift in Sources */,
				AD4AB6D10D51BB30879D90CE /* ImportExportService.swift in Sources */,
				5B114E8F9FA6C1563B89B959 /* ItemCategory.swift in Sources */,
				B35177D494F6F23116B5DC57 /* ItemDetailView.swift in Sources */,
				137A823114348AD2AE3AF87D /* KeychainService.swift in Sources */,
				0DA78B5FFDE0AE22B61C9231 /* NoteEditorView.swift in Sources */,
				A524DE6D6365C8FFBA409077 /* NoteItem.swift in Sources */,
				FD79BA7F4FFBEC00DF423B4E /* NoteListView.swift in Sources */,
				8DF807F5AF0BF1F1E1D0762E /* NoteListViewModel.swift in Sources */,
				B26D2FF972E30C8D494A57D9 /* OneOfPasswordApp.swift in Sources */,
				2F8F4E2088D191AC092F4378 /* OnePUXImporter.swift in Sources */,
				D04A529326991CB7A3CE77B2 /* PasswordItem.swift in Sources */,
				DD9ADAC4369B9C627BF0C93C /* PasswordListViewModel.swift in Sources */,
				3F1D43508133611FC47F759C /* QRCodeDetector.swift in Sources */,
				69B1A83AF1D052E3AA07388C /* QRScannerView.swift in Sources */,
				BBF38DC4A6171AB026986EAE /* SettingsView.swift in Sources */,
				FE5E3BF998AE4AD83CF7B396 /* TOTPGenerator.swift in Sources */,
				C33DE6BDF8A2C6872A1063F7 /* VaultPreviewViews.swift in Sources */,
			);
			runOnlyForDeploymentPostprocessing = 0;
		};
/* End PBXSourcesBuildPhase section */

/* Begin XCBuildConfiguration section */
		488B5DB94EFA5952F30F02A2 /* Release */ = {
			isa = XCBuildConfiguration;
			buildSettings = {
				ASSETCATALOG_COMPILER_APPICON_NAME = AppIcon;
				CODE_SIGN_ENTITLEMENTS = OneOfPassword/OneOfPassword.entitlements;
				CODE_SIGN_STYLE = Automatic;
				COMBINE_HIDPI_IMAGES = YES;
				DEVELOPMENT_TEAM = "";
				INFOPLIST_FILE = OneOfPassword/Info.plist;
				LD_RUNPATH_SEARCH_PATHS = (
					"$(inherited)",
					"@executable_path/../Frameworks",
				);
				MACOSX_DEPLOYMENT_TARGET = 13.0;
				PRODUCT_BUNDLE_IDENTIFIER = com.oneofpassword.app;
				SDKROOT = macosx;
				SWIFT_VERSION = 5.9;
			};
			name = Release;
		};
		E334563A853425B7553FEC40 /* Debug */ = {
			isa = XCBuildConfiguration;
			buildSettings = {
				ALWAYS_SEARCH_USER_PATHS = NO;
				CLANG_ANALYZER_NONNULL = YES;
				CLANG_ANALYZER_NUMBER_OBJECT_CONVERSION = YES_AGGRESSIVE;
				CLANG_CXX_LANGUAGE_STANDARD = "gnu++14";
				CLANG_CXX_LIBRARY = "libc++";
				CLANG_ENABLE_MODULES = YES;
				CLANG_ENABLE_OBJC_ARC = YES;
				CLANG_ENABLE_OBJC_WEAK = YES;
				CLANG_WARN_BLOCK_CAPTURE_AUTORELEASING = YES;
				CLANG_WARN_BOOL_CONVERSION = YES;
				CLANG_WARN_COMMA = YES;
				CLANG_WARN_CONSTANT_CONVERSION = YES;
				CLANG_WARN_DEPRECATED_OBJC_IMPLEMENTATIONS = YES;
				CLANG_WARN_DIRECT_OBJC_ISA_USAGE = YES_ERROR;
				CLANG_WARN_DOCUMENTATION_COMMENTS = YES;
				CLANG_WARN_EMPTY_BODY = YES;
				CLANG_WARN_ENUM_CONVERSION = YES;
				CLANG_WARN_INFINITE_RECURSION = YES;
				CLANG_WARN_INT_CONVERSION = YES;
				CLANG_WARN_NON_LITERAL_NULL_CONVERSION = YES;
				CLANG_WARN_OBJC_IMPLICIT_RETAIN_SELF = YES;
				CLANG_WARN_OBJC_LITERAL_CONVERSION = YES;
				CLANG_WARN_OBJC_ROOT_CLASS = YES_ERROR;
				CLANG_WARN_QUOTED_INCLUDE_IN_FRAMEWORK_HEADER = YES;
				CLANG_WARN_RANGE_LOOP_ANALYSIS = YES;
				CLANG_WARN_STRICT_PROTOTYPES = YES;
				CLANG_WARN_SUSPICIOUS_MOVE = YES;
				CLANG_WARN_UNGUARDED_AVAILABILITY = YES_AGGRESSIVE;
				CLANG_WARN_UNREACHABLE_CODE = YES;
				CLANG_WARN__DUPLICATE_METHOD_MATCH = YES;
				COPY_PHASE_STRIP = NO;
				DEBUG_INFORMATION_FORMAT = dwarf;
				ENABLE_HARDENED_RUNTIME = YES;
				ENABLE_STRICT_OBJC_MSGSEND = YES;
				ENABLE_TESTABILITY = YES;
				GCC_C_LANGUAGE_STANDARD = gnu11;
				GCC_DYNAMIC_NO_PIC = NO;
				GCC_NO_COMMON_BLOCKS = YES;
				GCC_OPTIMIZATION_LEVEL = 0;
				GCC_PREPROCESSOR_DEFINITIONS = (
					"$(inherited)",
					"DEBUG=1",
				);
				GCC_WARN_64_TO_32_BIT_CONVERSION = YES;
				GCC_WARN_ABOUT_RETURN_TYPE = YES_ERROR;
				GCC_WARN_UNDECLARED_SELECTOR = YES;
				GCC_WARN_UNINITIALIZED_AUTOS = YES_AGGRESSIVE;
				GCC_WARN_UNUSED_FUNCTION = YES;
				GCC_WARN_UNUSED_VARIABLE = YES;
				MACOSX_DEPLOYMENT_TARGET = 13.0;
				MTL_ENABLE_DEBUG_INFO = INCLUDE_SOURCE;
				MTL_FAST_MATH = YES;
				ONLY_ACTIVE_ARCH = YES;
				PRODUCT_NAME = "$(TARGET_NAME)";
				SDKROOT = macosx;
				SWIFT_ACTIVE_COMPILATION_CONDITIONS = DEBUG;
				SWIFT_OPTIMIZATION_LEVEL = "-Onone";
				SWIFT_VERSION = 5.9;
			};
			name = Debug;
		};
		E7BFAC5D054F52C5B59D5A9C /* Debug */ = {
			isa = XCBuildConfiguration;
			buildSettings = {
				ASSETCATALOG_COMPILER_APPICON_NAME = AppIcon;
				CODE_SIGN_ENTITLEMENTS = OneOfPassword/OneOfPassword.entitlements;
				CODE_SIGN_STYLE = Automatic;
				COMBINE_HIDPI_IMAGES = YES;
				DEVELOPMENT_TEAM = "";
				INFOPLIST_FILE = OneOfPassword/Info.plist;
				LD_RUNPATH_SEARCH_PATHS = (
					"$(inherited)",
					"@executable_path/../Frameworks",
				);
				MACOSX_DEPLOYMENT_TARGET = 13.0;
				PRODUCT_BUNDLE_IDENTIFIER = com.oneofpassword.app;
				SDKROOT = macosx;
				SWIFT_VERSION = 5.9;
			};
			name = Debug;
		};
		FA48DEAB35F5E6327E827A6E /* Release */ = {
			isa = XCBuildConfiguration;
			buildSettings = {
				ALWAYS_SEARCH_USER_PATHS = NO;
				CLANG_ANALYZER_NONNULL = YES;
				CLANG_ANALYZER_NUMBER_OBJECT_CONVERSION = YES_AGGRESSIVE;
				CLANG_CXX_LANGUAGE_STANDARD = "gnu++14";
				CLANG_CXX_LIBRARY = "libc++";
				CLANG_ENABLE_MODULES = YES;
				CLANG_ENABLE_OBJC_ARC = YES;
				CLANG_ENABLE_OBJC_WEAK = YES;
				CLANG_WARN_BLOCK_CAPTURE_AUTORELEASING = YES;
				CLANG_WARN_BOOL_CONVERSION = YES;
				CLANG_WARN_COMMA = YES;
				CLANG_WARN_CONSTANT_CONVERSION = YES;
				CLANG_WARN_DEPRECATED_OBJC_IMPLEMENTATIONS = YES;
				CLANG_WARN_DIRECT_OBJC_ISA_USAGE = YES_ERROR;
				CLANG_WARN_DOCUMENTATION_COMMENTS = YES;
				CLANG_WARN_EMPTY_BODY = YES;
				CLANG_WARN_ENUM_CONVERSION = YES;
				CLANG_WARN_INFINITE_RECURSION = YES;
				CLANG_WARN_INT_CONVERSION = YES;
				CLANG_WARN_NON_LITERAL_NULL_CONVERSION = YES;
				CLANG_WARN_OBJC_IMPLICIT_RETAIN_SELF = YES;
				CLANG_WARN_OBJC_LITERAL_CONVERSION = YES;
				CLANG_WARN_OBJC_ROOT_CLASS = YES_ERROR;
				CLANG_WARN_QUOTED_INCLUDE_IN_FRAMEWORK_HEADER = YES;
				CLANG_WARN_RANGE_LOOP_ANALYSIS = YES;
				CLANG_WARN_STRICT_PROTOTYPES = YES;
				CLANG_WARN_SUSPICIOUS_MOVE = YES;
				CLANG_WARN_UNGUARDED_AVAILABILITY = YES_AGGRESSIVE;
				CLANG_WARN_UNREACHABLE_CODE = YES;
				CLANG_WARN__DUPLICATE_METHOD_MATCH = YES;
				COPY_PHASE_STRIP = NO;
				DEBUG_INFORMATION_FORMAT = "dwarf-with-dsym";
				ENABLE_HARDENED_RUNTIME = YES;
				ENABLE_NS_ASSERTIONS = NO;
				ENABLE_STRICT_OBJC_MSGSEND = YES;
				GCC_C_LANGUAGE_STANDARD = gnu11;
				GCC_NO_COMMON_BLOCKS = YES;
				GCC_WARN_64_TO_32_BIT_CONVERSION = YES;
				GCC_WARN_ABOUT_RETURN_TYPE = YES_ERROR;
				GCC_WARN_UNDECLARED_SELECTOR = YES;
				GCC_WARN_UNINITIALIZED_AUTOS = YES_AGGRESSIVE;
				GCC_WARN_UNUSED_FUNCTION = YES;
				GCC_WARN_UNUSED_VARIABLE = YES;
				MACOSX_DEPLOYMENT_TARGET = 13.0;
				MTL_ENABLE_DEBUG_INFO = NO;
				MTL_FAST_MATH = YES;
				PRODUCT_NAME = "$(TARGET_NAME)";
				SDKROOT = macosx;
				SWIFT_COMPILATION_MODE = wholemodule;
				SWIFT_OPTIMIZATION_LEVEL = "-O";
				SWIFT_VERSION = 5.9;
			};
			name = Release;
		};
/* End XCBuildConfiguration section */

/* Begin XCConfigurationList section */
		7F789C2F17E45E472FD92004 /* Build configuration list for PBXProject "OneOfPassword" */ = {
			isa = XCConfigurationList;
			buildConfigurations = (
				E334563A853425B7553FEC40 /* Debug */,
				FA48DEAB35F5E6327E827A6E /* Release */,
			);
			defaultConfigurationIsVisible = 0;
			defaultConfigurationName = Debug;
		};
		A25B4DA5B4D96994EE10CF93 /* Build configuration list for PBXNativeTarget "OneOfPassword" */ = {
			isa = XCConfigurationList;
			buildConfigurations = (
				E7BFAC5D054F52C5B59D5A9C /* Debug */,
				488B5DB94EFA5952F30F02A2 /* Release */,
			);
			defaultConfigurationIsVisible = 0;
			defaultConfigurationName = Debug;
		};
/* End XCConfigurationList section */
	};
	rootObject = E2321D1937DFADB426237657 /* Project object */;
}
